
Microsoft Visual Studio Solution File, Format Version 12.00
# Visual Studio Version 17
VisualStudioVersion = 17.11.35312.102
MinimumVisualStudioVersion = 10.0.40219.1
Project("{FAE04EC0-301F-11D3-BF4B-00C04F79EFBC}") = "PhaseTrafficLightAnyTime", "PhaseTrafficLightAnyTime\PhaseTrafficLightAnyTime.csproj", "{9305D65B-911C-41A1-83D8-31E942CABF47}"
EndProject
Global
	GlobalSection(SolutionConfigurationPlatforms) = preSolution
		Debug|Any CPU = Debug|Any CPU
		Release|Any CPU = Release|Any CPU
	EndGlobalSection
	GlobalSection(ProjectConfigurationPlatforms) = postSolution
		{9305D65B-911C-41A1-83D8-31E942CABF47}.Debug|Any CPU.ActiveCfg = Debug|Any CPU
		{9305D65B-911C-41A1-83D8-31E942CABF47}.Debug|Any CPU.Build.0 = Debug|Any CPU
		{9305D65B-911C-41A1-83D8-31E942CABF47}.Release|Any CPU.ActiveCfg = Release|Any CPU
		{9305D65B-911C-41A1-83D8-31E942CABF47}.Release|Any CPU.Build.0 = Release|Any CPU
	EndGlobalSection
	GlobalSection(SolutionProperties) = preSolution
		HideSolutionNode = FALSE
	EndGlobalSection
	GlobalSection(ExtensibilityGlobals) = postSolution
		SolutionGuid = {BCE81F46-12ED-40FA-BC02-9EA02F7CD536}
	EndGlobalSection
EndGlobal
